// !$*UTF8*$!
{
	archiveVersion = 1;
	classes = {
	};
	objectVersion = 56;
	objects = {

/* Begin PBXBuildFile section */
		665425922CB023AF00EA4585 /* AppDelegate.swift in Sources */ = {isa = PBXBuildFile; fileRef = 665425912CB023AF00EA4585 /* AppDelegate.swift */; };
		665425942CB023AF00EA4585 /* SceneDelegate.swift in Sources */ = {isa = PBXBuildFile; fileRef = 665425932CB023AF00EA4585 /* SceneDelegate.swift */; };
		665425962CB023AF00EA4585 /* ViewController.swift in Sources */ = {isa = PBXBuildFile; fileRef = 665425952CB023AF00EA4585 /* ViewController.swift */; };
		6654259B2CB023B100EA4585 /* Assets.xcassets in Resources */ = {isa = PBXBuildFile; fileRef = 6654259A2CB023B100EA4585 /* Assets.xcassets */; };
		6654259E2CB023B100EA4585 /* Base in Resources */ = {isa = PBXBuildFile; fileRef = 6654259D2CB023B100EA4585 /* Base */; };
		665425A92CB023B100EA4585 /* USPopulationInfTests.swift in Sources */ = {isa = PBXBuildFile; fileRef = 665425A82CB023B100EA4585 /* USPopulationInfTests.swift */; };
		665425B32CB023B100EA4585 /* USPopulationInfUITests.swift in Sources */ = {isa = PBXBuildFile; fileRef = 665425B22CB023B100EA4585 /* USPopulationInfUITests.swift */; };
		665425B52CB023B100EA4585 /* USPopulationInfUITestsLaunchTests.swift in Sources */ = {isa = PBXBuildFile; fileRef = 665425B42CB023B100EA4585 /* USPopulationInfUITestsLaunchTests.swift */; };
		665425DB2CB0264F00EA4585 /* NationInfoInteractor.swift in Sources */ = {isa = PBXBuildFile; fileRef = 665425C72CB0264F00EA4585 /* NationInfoInteractor.swift */; };
		665425DC2CB0264F00EA4585 /* NationInfoPresenter.swift in Sources */ = {isa = PBXBuildFile; fileRef = 665425C92CB0264F00EA4585 /* NationInfoPresenter.swift */; };
		665425DD2CB0264F00EA4585 /* NationInfoRouter.swift in Sources */ = {isa = PBXBuildFile; fileRef = 665425CB2CB0264F00EA4585 /* NationInfoRouter.swift */; };
		665425DE2CB0264F00EA4585 /* NationInfoViewController.swift in Sources */ = {isa = PBXBuildFile; fileRef = 665425CD2CB0264F00EA4585 /* NationInfoViewController.swift */; };
		665425DF2CB0264F00EA4585 /* NationInfoContract.swift in Sources */ = {isa = PBXBuildFile; fileRef = 665425CF2CB0264F00EA4585 /* NationInfoContract.swift */; };
		665425E02CB0264F00EA4585 /* StateInfoInteractor.swift in Sources */ = {isa = PBXBuildFile; fileRef = 665425D12CB0264F00EA4585 /* StateInfoInteractor.swift */; };
		665425E12CB0264F00EA4585 /* StateInfoPresenter.swift in Sources */ = {isa = PBXBuildFile; fileRef = 665425D32CB0264F00EA4585 /* StateInfoPresenter.swift */; };
		665425E22CB0264F00EA4585 /* StateInfoRouter.swift in Sources */ = {isa = PBXBuildFile; fileRef = 665425D52CB0264F00EA4585 /* StateInfoRouter.swift */; };
		665425E32CB0264F00EA4585 /* StateInfoViewController.swift in Sources */ = {isa = PBXBuildFile; fileRef = 665425D72CB0264F00EA4585 /* StateInfoViewController.swift */; };
		665425E42CB0264F00EA4585 /* StateInfoContract.swift in Sources */ = {isa = PBXBuildFile; fileRef = 665425D92CB0264F00EA4585 /* StateInfoContract.swift */; };
		665425F12CB0278400EA4585 /* MainInteractor.swift in Sources */ = {isa = PBXBuildFile; fileRef = 665425E72CB0278400EA4585 /* MainInteractor.swift */; };
		665425F22CB0278400EA4585 /* MainPresenter.swift in Sources */ = {isa = PBXBuildFile; fileRef = 665425E92CB0278400EA4585 /* MainPresenter.swift */; };
		665425F32CB0278400EA4585 /* MainRouter.swift in Sources */ = {isa = PBXBuildFile; fileRef = 665425EB2CB0278400EA4585 /* MainRouter.swift */; };
		665425F42CB0278400EA4585 /* MainViewController.swift in Sources */ = {isa = PBXBuildFile; fileRef = 665425ED2CB0278400EA4585 /* MainViewController.swift */; };
		665425F52CB0278400EA4585 /* MainContract.swift in Sources */ = {isa = PBXBuildFile; fileRef = 665425EF2CB0278400EA4585 /* MainContract.swift */; };
		665426002CB0435700EA4585 /* Contracts.swift in Sources */ = {isa = PBXBuildFile; fileRef = 665425FD2CB0435700EA4585 /* Contracts.swift */; };
		665426012CB0435700EA4585 /* InfoPageFactory.swift in Sources */ = {isa = PBXBuildFile; fileRef = 665425FE2CB0435700EA4585 /* InfoPageFactory.swift */; };
		665426132CB0469800EA4585 /* RequestManagerProtocol.swift in Sources */ = {isa = PBXBuildFile; fileRef = 665426122CB0469800EA4585 /* RequestManagerProtocol.swift */; };
		665426152CB046CD00EA4585 /* RequestManager.swift in Sources */ = {isa = PBXBuildFile; fileRef = 665426142CB046CD00EA4585 /* RequestManager.swift */; };
		665426182CB0489100EA4585 /* NationsPageConfiguration.swift in Sources */ = {isa = PBXBuildFile; fileRef = 665426172CB0489100EA4585 /* NationsPageConfiguration.swift */; };
		6654261A2CB048F500EA4585 /* StatesPageConfiguration.swift in Sources */ = {isa = PBXBuildFile; fileRef = 665426192CB048F500EA4585 /* StatesPageConfiguration.swift */; };
		6654261C2CB06C0D00EA4585 /* NationsDataModel.swift in Sources */ = {isa = PBXBuildFile; fileRef = 6654261B2CB06C0D00EA4585 /* NationsDataModel.swift */; };
		6654261E2CB078AC00EA4585 /* StatesDataModel.swift in Sources */ = {isa = PBXBuildFile; fileRef = 6654261D2CB078AC00EA4585 /* StatesDataModel.swift */; };
		665426202CB0804300EA4585 /* NationsTableController.swift in Sources */ = {isa = PBXBuildFile; fileRef = 6654261F2CB0804300EA4585 /* NationsTableController.swift */; };
		665426222CB0810900EA4585 /* NationInfoViewModel.swift in Sources */ = {isa = PBXBuildFile; fileRef = 665426212CB0810900EA4585 /* NationInfoViewModel.swift */; };
		665426242CB08EF300EA4585 /* NationInfoTableViewCell.swift in Sources */ = {isa = PBXBuildFile; fileRef = 665426232CB08EF300EA4585 /* NationInfoTableViewCell.swift */; };
		665426272CB0924F00EA4585 /* UITableViewCell+Reusable.swift in Sources */ = {isa = PBXBuildFile; fileRef = 665426262CB0924F00EA4585 /* UITableViewCell+Reusable.swift */; };
		665426292CB0981800EA4585 /* StatesInfoTableController.swift in Sources */ = {isa = PBXBuildFile; fileRef = 665426282CB0981800EA4585 /* StatesInfoTableController.swift */; };
		6654262B2CB0986400EA4585 /* StateInfoTableViewCell.swift in Sources */ = {isa = PBXBuildFile; fileRef = 6654262A2CB0986400EA4585 /* StateInfoTableViewCell.swift */; };
		6654262D2CB098A000EA4585 /* StateInfoViewModel.swift in Sources */ = {isa = PBXBuildFile; fileRef = 6654262C2CB098A000EA4585 /* StateInfoViewModel.swift */; };
/* End PBXBuildFile section */

/* Begin PBXContainerItemProxy section */
		665425A52CB023B100EA4585 /* PBXContainerItemProxy */ = {
			isa = PBXContainerItemProxy;
			containerPortal = 665425862CB023AF00EA4585 /* Project object */;
			proxyType = 1;
			remoteGlobalIDString = 6654258D2CB023AF00EA4585;
			remoteInfo = USPopulationInf;
		};
		665425AF2CB023B100EA4585 /* PBXContainerItemProxy */ = {
			isa = PBXContainerItemProxy;
			containerPortal = 665425862CB023AF00EA4585 /* Project object */;
			proxyType = 1;
			remoteGlobalIDString = 6654258D2CB023AF00EA4585;
			remoteInfo = USPopulationInf;
		};
/* End PBXContainerItemProxy section */

/* Begin PBXFileReference section */
		6654258E2CB023AF00EA4585 /* USPopulationInf.app */ = {isa = PBXFileReference; explicitFileType = wrapper.application; includeInIndex = 0; path = USPopulationInf.app; sourceTree = BUILT_PRODUCTS_DIR; };
		665425912CB023AF00EA4585 /* AppDelegate.swift */ = {isa = PBXFileReference; lastKnownFileType = sourcecode.swift; path = AppDelegate.swift; sourceTree = "<group>"; };
		665425932CB023AF00EA4585 /* SceneDelegate.swift */ = {isa = PBXFileReference; lastKnownFileType = sourcecode.swift; path = SceneDelegate.swift; sourceTree = "<group>"; };
		665425952CB023AF00EA4585 /* ViewController.swift */ = {isa = PBXFileReference; lastKnownFileType = sourcecode.swift; path = ViewController.swift; sourceTree = "<group>"; };
		6654259A2CB023B100EA4585 /* Assets.xcassets */ = {isa = PBXFileReference; lastKnownFileType = folder.assetcatalog; path = Assets.xcassets; sourceTree = "<group>"; };
		6654259D2CB023B100EA4585 /* Base */ = {isa = PBXFileReference; lastKnownFileType = file.storyboard; name = Base; path = Base.lproj/LaunchScreen.storyboard; sourceTree = "<group>"; };
		6654259F2CB023B100EA4585 /* Info.plist */ = {isa = PBXFileReference; lastKnownFileType = text.plist.xml; path = Info.plist; sourceTree = "<group>"; };
		665425A42CB023B100EA4585 /* USPopulationInfTests.xctest */ = {isa = PBXFileReference; explicitFileType = wrapper.cfbundle; includeInIndex = 0; path = USPopulationInfTests.xctest; sourceTree = BUILT_PRODUCTS_DIR; };
		665425A82CB023B100EA4585 /* USPopulationInfTests.swift */ = {isa = PBXFileReference; lastKnownFileType = sourcecode.swift; path = USPopulationInfTests.swift; sourceTree = "<group>"; };
		665425AE2CB023B100EA4585 /* USPopulationInfUITests.xctest */ = {isa = PBXFileReference; explicitFileType = wrapper.cfbundle; includeInIndex = 0; path = USPopulationInfUITests.xctest; sourceTree = BUILT_PRODUCTS_DIR; };
		665425B22CB023B100EA4585 /* USPopulationInfUITests.swift */ = {isa = PBXFileReference; lastKnownFileType = sourcecode.swift; path = USPopulationInfUITests.swift; sourceTree = "<group>"; };
		665425B42CB023B100EA4585 /* USPopulationInfUITestsLaunchTests.swift */ = {isa = PBXFileReference; lastKnownFileType = sourcecode.swift; path = USPopulationInfUITestsLaunchTests.swift; sourceTree = "<group>"; };
		665425C72CB0264F00EA4585 /* NationInfoInteractor.swift */ = {isa = PBXFileReference; fileEncoding = 4; lastKnownFileType = sourcecode.swift; path = NationInfoInteractor.swift; sourceTree = "<group>"; };
		665425C92CB0264F00EA4585 /* NationInfoPresenter.swift */ = {isa = PBXFileReference; fileEncoding = 4; lastKnownFileType = sourcecode.swift; path = NationInfoPresenter.swift; sourceTree = "<group>"; };
		665425CB2CB0264F00EA4585 /* NationInfoRouter.swift */ = {isa = PBXFileReference; fileEncoding = 4; lastKnownFileType = sourcecode.swift; path = NationInfoRouter.swift; sourceTree = "<group>"; };
		665425CD2CB0264F00EA4585 /* NationInfoViewController.swift */ = {isa = PBXFileReference; fileEncoding = 4; lastKnownFileType = sourcecode.swift; path = NationInfoViewController.swift; sourceTree = "<group>"; };
		665425CF2CB0264F00EA4585 /* NationInfoContract.swift */ = {isa = PBXFileReference; fileEncoding = 4; lastKnownFileType = sourcecode.swift; path = NationInfoContract.swift; sourceTree = "<group>"; };
		665425D12CB0264F00EA4585 /* StateInfoInteractor.swift */ = {isa = PBXFileReference; fileEncoding = 4; lastKnownFileType = sourcecode.swift; path = StateInfoInteractor.swift; sourceTree = "<group>"; };
		665425D32CB0264F00EA4585 /* StateInfoPresenter.swift */ = {isa = PBXFileReference; fileEncoding = 4; lastKnownFileType = sourcecode.swift; path = StateInfoPresenter.swift; sourceTree = "<group>"; };
		665425D52CB0264F00EA4585 /* StateInfoRouter.swift */ = {isa = PBXFileReference; fileEncoding = 4; lastKnownFileType = sourcecode.swift; path = StateInfoRouter.swift; sourceTree = "<group>"; };
		665425D72CB0264F00EA4585 /* StateInfoViewController.swift */ = {isa = PBXFileReference; fileEncoding = 4; lastKnownFileType = sourcecode.swift; path = StateInfoViewController.swift; sourceTree = "<group>"; };
		665425D92CB0264F00EA4585 /* StateInfoContract.swift */ = {isa = PBXFileReference; fileEncoding = 4; lastKnownFileType = sourcecode.swift; path = StateInfoContract.swift; sourceTree = "<group>"; };
		665425E72CB0278400EA4585 /* MainInteractor.swift */ = {isa = PBXFileReference; fileEncoding = 4; lastKnownFileType = sourcecode.swift; path = MainInteractor.swift; sourceTree = "<group>"; };
		665425E92CB0278400EA4585 /* MainPresenter.swift */ = {isa = PBXFileReference; fileEncoding = 4; lastKnownFileType = sourcecode.swift; path = MainPresenter.swift; sourceTree = "<group>"; };
		665425EB2CB0278400EA4585 /* MainRouter.swift */ = {isa = PBXFileReference; fileEncoding = 4; lastKnownFileType = sourcecode.swift; path = MainRouter.swift; sourceTree = "<group>"; };
		665425ED2CB0278400EA4585 /* MainViewController.swift */ = {isa = PBXFileReference; fileEncoding = 4; lastKnownFileType = sourcecode.swift; path = MainViewController.swift; sourceTree = "<group>"; };
		665425EF2CB0278400EA4585 /* MainContract.swift */ = {isa = PBXFileReference; fileEncoding = 4; lastKnownFileType = sourcecode.swift; path = MainContract.swift; sourceTree = "<group>"; };
		665425FD2CB0435700EA4585 /* Contracts.swift */ = {isa = PBXFileReference; fileEncoding = 4; lastKnownFileType = sourcecode.swift; path = Contracts.swift; sourceTree = "<group>"; };
		665425FE2CB0435700EA4585 /* InfoPageFactory.swift */ = {isa = PBXFileReference; fileEncoding = 4; lastKnownFileType = sourcecode.swift; path = InfoPageFactory.swift; sourceTree = "<group>"; };
		665426122CB0469800EA4585 /* RequestManagerProtocol.swift */ = {isa = PBXFileReference; lastKnownFileType = sourcecode.swift; path = RequestManagerProtocol.swift; sourceTree = "<group>"; };
		665426142CB046CD00EA4585 /* RequestManager.swift */ = {isa = PBXFileReference; lastKnownFileType = sourcecode.swift; path = RequestManager.swift; sourceTree = "<group>"; };
		665426172CB0489100EA4585 /* NationsPageConfiguration.swift */ = {isa = PBXFileReference; lastKnownFileType = sourcecode.swift; path = NationsPageConfiguration.swift; sourceTree = "<group>"; };
		665426192CB048F500EA4585 /* StatesPageConfiguration.swift */ = {isa = PBXFileReference; lastKnownFileType = sourcecode.swift; path = StatesPageConfiguration.swift; sourceTree = "<group>"; };
		6654261B2CB06C0D00EA4585 /* NationsDataModel.swift */ = {isa = PBXFileReference; lastKnownFileType = sourcecode.swift; path = NationsDataModel.swift; sourceTree = "<group>"; };
		6654261D2CB078AC00EA4585 /* StatesDataModel.swift */ = {isa = PBXFileReference; lastKnownFileType = sourcecode.swift; path = StatesDataModel.swift; sourceTree = "<group>"; };
		6654261F2CB0804300EA4585 /* NationsTableController.swift */ = {isa = PBXFileReference; lastKnownFileType = sourcecode.swift; path = NationsTableController.swift; sourceTree = "<group>"; };
		665426212CB0810900EA4585 /* NationInfoViewModel.swift */ = {isa = PBXFileReference; lastKnownFileType = sourcecode.swift; path = NationInfoViewModel.swift; sourceTree = "<group>"; };
		665426232CB08EF300EA4585 /* NationInfoTableViewCell.swift */ = {isa = PBXFileReference; lastKnownFileType = sourcecode.swift; path = NationInfoTableViewCell.swift; sourceTree = "<group>"; };
		665426262CB0924F00EA4585 /* UITableViewCell+Reusable.swift */ = {isa = PBXFileReference; lastKnownFileType = sourcecode.swift; path = "UITableViewCell+Reusable.swift"; sourceTree = "<group>"; };
		665426282CB0981800EA4585 /* StatesInfoTableController.swift */ = {isa = PBXFileReference; lastKnownFileType = sourcecode.swift; path = StatesInfoTableController.swift; sourceTree = "<group>"; };
		6654262A2CB0986400EA4585 /* StateInfoTableViewCell.swift */ = {isa = PBXFileReference; lastKnownFileType = sourcecode.swift; path = StateInfoTableViewCell.swift; sourceTree = "<group>"; };
		6654262C2CB098A000EA4585 /* StateInfoViewModel.swift */ = {isa = PBXFileReference; lastKnownFileType = sourcecode.swift; path = StateInfoViewModel.swift; sourceTree = "<group>"; };
/* End PBXFileReference section */

/* Begin PBXFrameworksBuildPhase section */
		6654258B2CB023AF00EA4585 /* Frameworks */ = {
			isa = PBXFrameworksBuildPhase;
			buildActionMask = 2147483647;
			files = (
			);
			runOnlyForDeploymentPostprocessing = 0;
		};
		665425A12CB023B100EA4585 /* Frameworks */ = {
			isa = PBXFrameworksBuildPhase;
			buildActionMask = 2147483647;
			files = (
			);
			runOnlyForDeploymentPostprocessing = 0;
		};
		665425AB2CB023B100EA4585 /* Frameworks */ = {
			isa = PBXFrameworksBuildPhase;
			buildActionMask = 2147483647;
			files = (
			);
			runOnlyForDeploymentPostprocessing = 0;
		};
/* End PBXFrameworksBuildPhase section */

/* Begin PBXGroup section */
		665425852CB023AF00EA4585 = {
			isa = PBXGroup;
			children = (
				665425902CB023AF00EA4585 /* USPopulationInf */,
				665425A72CB023B100EA4585 /* USPopulationInfTests */,
				665425B12CB023B100EA4585 /* USPopulationInfUITests */,
				6654258F2CB023AF00EA4585 /* Products */,
			);
			sourceTree = "<group>";
		};
		6654258F2CB023AF00EA4585 /* Products */ = {
			isa = PBXGroup;
			children = (
				6654258E2CB023AF00EA4585 /* USPopulationInf.app */,
				665425A42CB023B100EA4585 /* USPopulationInfTests.xctest */,
				665425AE2CB023B100EA4585 /* USPopulationInfUITests.xctest */,
			);
			name = Products;
			sourceTree = "<group>";
		};
		665425902CB023AF00EA4585 /* USPopulationInf */ = {
			isa = PBXGroup;
			children = (
				665426252CB0922D00EA4585 /* Extensions */,
				665426112CB0466500EA4585 /* Network */,
				665425FF2CB0435700EA4585 /* InfoPageFactory */,
				665425F02CB0278400EA4585 /* Main */,
				665425D02CB0264F00EA4585 /* NationInfo */,
				665425DA2CB0264F00EA4585 /* StateInfo */,
				665425912CB023AF00EA4585 /* AppDelegate.swift */,
				665425932CB023AF00EA4585 /* SceneDelegate.swift */,
				665425952CB023AF00EA4585 /* ViewController.swift */,
				6654259A2CB023B100EA4585 /* Assets.xcassets */,
				6654259C2CB023B100EA4585 /* LaunchScreen.storyboard */,
				6654259F2CB023B100EA4585 /* Info.plist */,
			);
			path = USPopulationInf;
			sourceTree = "<group>";
		};
		665425A72CB023B100EA4585 /* USPopulationInfTests */ = {
			isa = PBXGroup;
			children = (
				665425A82CB023B100EA4585 /* USPopulationInfTests.swift */,
			);
			path = USPopulationInfTests;
			sourceTree = "<group>";
		};
		665425B12CB023B100EA4585 /* USPopulationInfUITests */ = {
			isa = PBXGroup;
			children = (
				665425B22CB023B100EA4585 /* USPopulationInfUITests.swift */,
				665425B42CB023B100EA4585 /* USPopulationInfUITestsLaunchTests.swift */,
			);
			path = USPopulationInfUITests;
			sourceTree = "<group>";
		};
		665425C82CB0264F00EA4585 /* Interactor */ = {
			isa = PBXGroup;
			children = (
				665425C72CB0264F00EA4585 /* NationInfoInteractor.swift */,
			);
			path = Interactor;
			sourceTree = "<group>";
		};
		665425CA2CB0264F00EA4585 /* Presenter */ = {
			isa = PBXGroup;
			children = (
				665425C92CB0264F00EA4585 /* NationInfoPresenter.swift */,
			);
			path = Presenter;
			sourceTree = "<group>";
		};
		665425CC2CB0264F00EA4585 /* Router */ = {
			isa = PBXGroup;
			children = (
				665425CB2CB0264F00EA4585 /* NationInfoRouter.swift */,
			);
			path = Router;
			sourceTree = "<group>";
		};
		665425CE2CB0264F00EA4585 /* View */ = {
			isa = PBXGroup;
			children = (
				665425CD2CB0264F00EA4585 /* NationInfoViewController.swift */,
				6654261F2CB0804300EA4585 /* NationsTableController.swift */,
				665426212CB0810900EA4585 /* NationInfoViewModel.swift */,
				665426232CB08EF300EA4585 /* NationInfoTableViewCell.swift */,
			);
			path = View;
			sourceTree = "<group>";
		};
		665425D02CB0264F00EA4585 /* NationInfo */ = {
			isa = PBXGroup;
			children = (
				665425C82CB0264F00EA4585 /* Interactor */,
				665425CA2CB0264F00EA4585 /* Presenter */,
				665425CC2CB0264F00EA4585 /* Router */,
				665425CE2CB0264F00EA4585 /* View */,
				665425CF2CB0264F00EA4585 /* NationInfoContract.swift */,
			);
			path = NationInfo;
			sourceTree = "<group>";
		};
		665425D22CB0264F00EA4585 /* Interactor */ = {
			isa = PBXGroup;
			children = (
				665425D12CB0264F00EA4585 /* StateInfoInteractor.swift */,
			);
			path = Interactor;
			sourceTree = "<group>";
		};
		665425D42CB0264F00EA4585 /* Presenter */ = {
			isa = PBXGroup;
			children = (
				665425D32CB0264F00EA4585 /* StateInfoPresenter.swift */,
			);
			path = Presenter;
			sourceTree = "<group>";
		};
		665425D62CB0264F00EA4585 /* Router */ = {
			isa = PBXGroup;
			children = (
				665425D52CB0264F00EA4585 /* StateInfoRouter.swift */,
			);
			path = Router;
			sourceTree = "<group>";
		};
		665425D82CB0264F00EA4585 /* View */ = {
			isa = PBXGroup;
			children = (
				665425D72CB0264F00EA4585 /* StateInfoViewController.swift */,
				665426282CB0981800EA4585 /* StatesInfoTableController.swift */,
				6654262A2CB0986400EA4585 /* StateInfoTableViewCell.swift */,
				6654262C2CB098A000EA4585 /* StateInfoViewModel.swift */,
			);
			path = View;
			sourceTree = "<group>";
		};
		665425DA2CB0264F00EA4585 /* StateInfo */ = {
			isa = PBXGroup;
			children = (
				665425D22CB0264F00EA4585 /* Interactor */,
				665425D42CB0264F00EA4585 /* Presenter */,
				665425D62CB0264F00EA4585 /* Router */,
				665425D82CB0264F00EA4585 /* View */,
				665425D92CB0264F00EA4585 /* StateInfoContract.swift */,
			);
			path = StateInfo;
			sourceTree = "<group>";
		};
		665425E82CB0278400EA4585 /* Interactor */ = {
			isa = PBXGroup;
			children = (
				665425E72CB0278400EA4585 /* MainInteractor.swift */,
			);
			path = Interactor;
			sourceTree = "<group>";
		};
		665425EA2CB0278400EA4585 /* Presenter */ = {
			isa = PBXGroup;
			children = (
				665425E92CB0278400EA4585 /* MainPresenter.swift */,
			);
			path = Presenter;
			sourceTree = "<group>";
		};
		665425EC2CB0278400EA4585 /* Router */ = {
			isa = PBXGroup;
			children = (
				665425EB2CB0278400EA4585 /* MainRouter.swift */,
			);
			path = Router;
			sourceTree = "<group>";
		};
		665425EE2CB0278400EA4585 /* View */ = {
			isa = PBXGroup;
			children = (
				665425ED2CB0278400EA4585 /* MainViewController.swift */,
			);
			path = View;
			sourceTree = "<group>";
		};
		665425F02CB0278400EA4585 /* Main */ = {
			isa = PBXGroup;
			children = (
				665425E82CB0278400EA4585 /* Interactor */,
				665425EA2CB0278400EA4585 /* Presenter */,
				665425EC2CB0278400EA4585 /* Router */,
				665425EE2CB0278400EA4585 /* View */,
				665425EF2CB0278400EA4585 /* MainContract.swift */,
			);
			path = Main;
			sourceTree = "<group>";
		};
		665425FF2CB0435700EA4585 /* InfoPageFactory */ = {
			isa = PBXGroup;
			children = (
				665426162CB0488300EA4585 /* Configurations */,
				665425FD2CB0435700EA4585 /* Contracts.swift */,
				665425FE2CB0435700EA4585 /* InfoPageFactory.swift */,
			);
			path = InfoPageFactory;
			sourceTree = "<group>";
		};
		665426112CB0466500EA4585 /* Network */ = {
			isa = PBXGroup;
			children = (
				665426122CB0469800EA4585 /* RequestManagerProtocol.swift */,
				665426142CB046CD00EA4585 /* RequestManager.swift */,
				6654261B2CB06C0D00EA4585 /* NationsDataModel.swift */,
				6654261D2CB078AC00EA4585 /* StatesDataModel.swift */,
			);
			path = Network;
			sourceTree = "<group>";
		};
		665426162CB0488300EA4585 /* Configurations */ = {
			isa = PBXGroup;
			children = (
				665426172CB0489100EA4585 /* NationsPageConfiguration.swift */,
				665426192CB048F500EA4585 /* StatesPageConfiguration.swift */,
			);
			path = Configurations;
			sourceTree = "<group>";
		};
		665426252CB0922D00EA4585 /* Extensions */ = {
			isa = PBXGroup;
			children = (
				665426262CB0924F00EA4585 /* UITableViewCell+Reusable.swift */,
			);
			path = Extensions;
			sourceTree = "<group>";
		};
/* End PBXGroup section */

/* Begin PBXNativeTarget section */
		6654258D2CB023AF00EA4585 /* USPopulationInf */ = {
			isa = PBXNativeTarget;
			buildConfigurationList = 665425B82CB023B100EA4585 /* Build configuration list for PBXNativeTarget "USPopulationInf" */;
			buildPhases = (
				6654258A2CB023AF00EA4585 /* Sources */,
				6654258B2CB023AF00EA4585 /* Frameworks */,
				6654258C2CB023AF00EA4585 /* Resources */,
			);
			buildRules = (
			);
			dependencies = (
			);
			name = USPopulationInf;
			productName = USPopulationInf;
			productReference = 6654258E2CB023AF00EA4585 /* USPopulationInf.app */;
			productType = "com.apple.product-type.application";
		};
		665425A32CB023B100EA4585 /* USPopulationInfTests */ = {
			isa = PBXNativeTarget;
			buildConfigurationList = 665425BB2CB023B100EA4585 /* Build configuration list for PBXNativeTarget "USPopulationInfTests" */;
			buildPhases = (
				665425A02CB023B100EA4585 /* Sources */,
				665425A12CB023B100EA4585 /* Frameworks */,
				665425A22CB023B100EA4585 /* Resources */,
			);
			buildRules = (
			);
			dependencies = (
				665425A62CB023B100EA4585 /* PBXTargetDependency */,
			);
			name = USPopulationInfTests;
			productName = USPopulationInfTests;
			productReference = 665425A42CB023B100EA4585 /* USPopulationInfTests.xctest */;
			productType = "com.apple.product-type.bundle.unit-test";
		};
		665425AD2CB023B100EA4585 /* USPopulationInfUITests */ = {
			isa = PBXNativeTarget;
			buildConfigurationList = 665425BE2CB023B100EA4585 /* Build configuration list for PBXNativeTarget "USPopulationInfUITests" */;
			buildPhases = (
				665425AA2CB023B100EA4585 /* Sources */,
				665425AB2CB023B100EA4585 /* Frameworks */,
				665425AC2CB023B100EA4585 /* Resources */,
			);
			buildRules = (
			);
			dependencies = (
				665425B02CB023B100EA4585 /* PBXTargetDependency */,
			);
			name = USPopulationInfUITests;
			productName = USPopulationInfUITests;
			productReference = 665425AE2CB023B100EA4585 /* USPopulationInfUITests.xctest */;
			productType = "com.apple.product-type.bundle.ui-testing";
		};
/* End PBXNativeTarget section */

/* Begin PBXProject section */
		665425862CB023AF00EA4585 /* Project object */ = {
			isa = PBXProject;
			attributes = {
				BuildIndependentTargetsInParallel = 1;
				LastSwiftUpdateCheck = 1540;
				LastUpgradeCheck = 1540;
				TargetAttributes = {
					6654258D2CB023AF00EA4585 = {
						CreatedOnToolsVersion = 15.4;
					};
					665425A32CB023B100EA4585 = {
						CreatedOnToolsVersion = 15.4;
						TestTargetID = 6654258D2CB023AF00EA4585;
					};
					665425AD2CB023B100EA4585 = {
						CreatedOnToolsVersion = 15.4;
						TestTargetID = 6654258D2CB023AF00EA4585;
					};
				};
			};
			buildConfigurationList = 665425892CB023AF00EA4585 /* Build configuration list for PBXProject "USPopulationInf" */;
			compatibilityVersion = "Xcode 14.0";
			developmentRegion = en;
			hasScannedForEncodings = 0;
			knownRegions = (
				en,
				Base,
			);
			mainGroup = 665425852CB023AF00EA4585;
			productRefGroup = 6654258F2CB023AF00EA4585 /* Products */;
			projectDirPath = "";
			projectRoot = "";
			targets = (
				6654258D2CB023AF00EA4585 /* USPopulationInf */,
				665425A32CB023B100EA4585 /* USPopulationInfTests */,
				665425AD2CB023B100EA4585 /* USPopulationInfUITests */,
			);
		};
/* End PBXProject section */

/* Begin PBXResourcesBuildPhase section */
		6654258C2CB023AF00EA4585 /* Resources */ = {
			isa = PBXResourcesBuildPhase;
			buildActionMask = 2147483647;
			files = (
				6654259B2CB023B100EA4585 /* Assets.xcassets in Resources */,
				6654259E2CB023B100EA4585 /* Base in Resources */,
			);
			runOnlyForDeploymentPostprocessing = 0;
		};
		665425A22CB023B100EA4585 /* Resources */ = {
			isa = PBXResourcesBuildPhase;
			buildActionMask = 2147483647;
			files = (
			);
			runOnlyForDeploymentPostprocessing = 0;
		};
		665425AC2CB023B100EA4585 /* Resources */ = {
			isa = PBXResourcesBuildPhase;
			buildActionMask = 2147483647;
			files = (
			);
			runOnlyForDeploymentPostprocessing = 0;
		};
/* End PBXResourcesBuildPhase section */

/* Begin PBXSourcesBuildPhase section */
		6654258A2CB023AF00EA4585 /* Sources */ = {
			isa = PBXSourcesBuildPhase;
			buildActionMask = 2147483647;
			files = (
				665425DF2CB0264F00EA4585 /* NationInfoContract.swift in Sources */,
				6654261A2CB048F500EA4585 /* StatesPageConfiguration.swift in Sources */,
				665426242CB08EF300EA4585 /* NationInfoTableViewCell.swift in Sources */,
				665426202CB0804300EA4585 /* NationsTableController.swift in Sources */,
				665426182CB0489100EA4585 /* NationsPageConfiguration.swift in Sources */,
				6654262D2CB098A000EA4585 /* StateInfoViewModel.swift in Sources */,
				6654261C2CB06C0D00EA4585 /* NationsDataModel.swift in Sources */,
				665425F32CB0278400EA4585 /* MainRouter.swift in Sources */,
				6654262B2CB0986400EA4585 /* StateInfoTableViewCell.swift in Sources */,
				665425E32CB0264F00EA4585 /* StateInfoViewController.swift in Sources */,
				665425962CB023AF00EA4585 /* ViewController.swift in Sources */,
				665426152CB046CD00EA4585 /* RequestManager.swift in Sources */,
				665426002CB0435700EA4585 /* Contracts.swift in Sources */,
				665425E22CB0264F00EA4585 /* StateInfoRouter.swift in Sources */,
				665425922CB023AF00EA4585 /* AppDelegate.swift in Sources */,
				665425F12CB0278400EA4585 /* MainInteractor.swift in Sources */,
				665426222CB0810900EA4585 /* NationInfoViewModel.swift in Sources */,
				665426012CB0435700EA4585 /* InfoPageFactory.swift in Sources */,
				665425F42CB0278400EA4585 /* MainViewController.swift in Sources */,
				665425942CB023AF00EA4585 /* SceneDelegate.swift in Sources */,
				665426132CB0469800EA4585 /* RequestManagerProtocol.swift in Sources */,
				665425E02CB0264F00EA4585 /* StateInfoInteractor.swift in Sources */,
				665425F52CB0278400EA4585 /* MainContract.swift in Sources */,
				665425DB2CB0264F00EA4585 /* NationInfoInteractor.swift in Sources */,
				6654261E2CB078AC00EA4585 /* StatesDataModel.swift in Sources */,
				665425E42CB0264F00EA4585 /* StateInfoContract.swift in Sources */,
				665425F22CB0278400EA4585 /* MainPresenter.swift in Sources */,
				665425E12CB0264F00EA4585 /* StateInfoPresenter.swift in Sources */,
				665426272CB0924F00EA4585 /* UITableViewCell+Reusable.swift in Sources */,
				665425DE2CB0264F00EA4585 /* NationInfoViewController.swift in Sources */,
				665426292CB0981800EA4585 /* StatesInfoTableController.swift in Sources */,
				665425DC2CB0264F00EA4585 /* NationInfoPresenter.swift in Sources */,
				665425DD2CB0264F00EA4585 /* NationInfoRouter.swift in Sources */,
			);
			runOnlyForDeploymentPostprocessing = 0;
		};
		665425A02CB023B100EA4585 /* Sources */ = {
			isa = PBXSourcesBuildPhase;
			buildActionMask = 2147483647;
			files = (
				665425A92CB023B100EA4585 /* USPopulationInfTests.swift in Sources */,
			);
			runOnlyForDeploymentPostprocessing = 0;
		};
		665425AA2CB023B100EA4585 /* Sources */ = {
			isa = PBXSourcesBuildPhase;
			buildActionMask = 2147483647;
			files = (
				665425B32CB023B100EA4585 /* USPopulationInfUITests.swift in Sources */,
				665425B52CB023B100EA4585 /* USPopulationInfUITestsLaunchTests.swift in Sources */,
			);
			runOnlyForDeploymentPostprocessing = 0;
		};
/* End PBXSourcesBuildPhase section */

/* Begin PBXTargetDependency section */
		665425A62CB023B100EA4585 /* PBXTargetDependency */ = {
			isa = PBXTargetDependency;
			target = 6654258D2CB023AF00EA4585 /* USPopulationInf */;
			targetProxy = 665425A52CB023B100EA4585 /* PBXContainerItemProxy */;
		};
		665425B02CB023B100EA4585 /* PBXTargetDependency */ = {
			isa = PBXTargetDependency;
			target = 6654258D2CB023AF00EA4585 /* USPopulationInf */;
			targetProxy = 665425AF2CB023B100EA4585 /* PBXContainerItemProxy */;
		};
/* End PBXTargetDependency section */

/* Begin PBXVariantGroup section */
		6654259C2CB023B100EA4585 /* LaunchScreen.storyboard */ = {
			isa = PBXVariantGroup;
			children = (
				6654259D2CB023B100EA4585 /* Base */,
			);
			name = LaunchScreen.storyboard;
			sourceTree = "<group>";
		};
/* End PBXVariantGroup section */

/* Begin XCBuildConfiguration section */
		665425B62CB023B100EA4585 /* Debug */ = {
			isa = XCBuildConfiguration;
			buildSettings = {
				ALWAYS_SEARCH_USER_PATHS = NO;
				ASSETCATALOG_COMPILER_GENERATE_SWIFT_ASSET_SYMBOL_EXTENSIONS = YES;
				CLANG_ANALYZER_NONNULL = YES;
				CLANG_ANALYZER_NUMBER_OBJECT_CONVERSION = YES_AGGRESSIVE;
				CLANG_CXX_LANGUAGE_STANDARD = "gnu++20";
				CLANG_ENABLE_MODULES = YES;
				CLANG_ENABLE_OBJC_ARC = YES;
				CLANG_ENABLE_OBJC_WEAK = YES;
				CLANG_WARN_BLOCK_CAPTURE_AUTORELEASING = YES;
				CLANG_WARN_BOOL_CONVERSION = YES;
				CLANG_WARN_COMMA = YES;
				CLANG_WARN_CONSTANT_CONVERSION = YES;
				CLANG_WARN_DEPRECATED_OBJC_IMPLEMENTATIONS = YES;
				CLANG_WARN_DIRECT_OBJC_ISA_USAGE = YES_ERROR;
				CLANG_WARN_DOCUMENTATION_COMMENTS = YES;
				CLANG_WARN_EMPTY_BODY = YES;
				CLANG_WARN_ENUM_CONVERSION = YES;
				CLANG_WARN_INFINITE_RECURSION = YES;
				CLANG_WARN_INT_CONVERSION = YES;
				CLANG_WARN_NON_LITERAL_NULL_CONVERSION = YES;
				CLANG_WARN_OBJC_IMPLICIT_RETAIN_SELF = YES;
				CLANG_WARN_OBJC_LITERAL_CONVERSION = YES;
				CLANG_WARN_OBJC_ROOT_CLASS = YES_ERROR;
				CLANG_WARN_QUOTED_INCLUDE_IN_FRAMEWORK_HEADER = YES;
				CLANG_WARN_RANGE_LOOP_ANALYSIS = YES;
				CLANG_WARN_STRICT_PROTOTYPES = YES;
				CLANG_WARN_SUSPICIOUS_MOVE = YES;
				CLANG_WARN_UNGUARDED_AVAILABILITY = YES_AGGRESSIVE;
				CLANG_WARN_UNREACHABLE_CODE = YES;
				CLANG_WARN__DUPLICATE_METHOD_MATCH = YES;
				COPY_PHASE_STRIP = NO;
				DEBUG_INFORMATION_FORMAT = dwarf;
				ENABLE_STRICT_OBJC_MSGSEND = YES;
				ENABLE_TESTABILITY = YES;
				ENABLE_USER_SCRIPT_SANDBOXING = YES;
				GCC_C_LANGUAGE_STANDARD = gnu17;
				GCC_DYNAMIC_NO_PIC = NO;
				GCC_NO_COMMON_BLOCKS = YES;
				GCC_OPTIMIZATION_LEVEL = 0;
				GCC_PREPROCESSOR_DEFINITIONS = (
					"DEBUG=1",
					"$(inherited)",
				);
				GCC_WARN_64_TO_32_BIT_CONVERSION = YES;
				GCC_WARN_ABOUT_RETURN_TYPE = YES_ERROR;
				GCC_WARN_UNDECLARED_SELECTOR = YES;
				GCC_WARN_UNINITIALIZED_AUTOS = YES_AGGRESSIVE;
				GCC_WARN_UNUSED_FUNCTION = YES;
				GCC_WARN_UNUSED_VARIABLE = YES;
				IPHONEOS_DEPLOYMENT_TARGET = 17.5;
				LOCALIZATION_PREFERS_STRING_CATALOGS = YES;
				MTL_ENABLE_DEBUG_INFO = INCLUDE_SOURCE;
				MTL_FAST_MATH = YES;
				ONLY_ACTIVE_ARCH = YES;
				SDKROOT = iphoneos;
				SWIFT_ACTIVE_COMPILATION_CONDITIONS = "DEBUG $(inherited)";
				SWIFT_OPTIMIZATION_LEVEL = "-Onone";
			};
			name = Debug;
		};
		665425B72CB023B100EA4585 /* Release */ = {
			isa = XCBuildConfiguration;
			buildSettings = {
				ALWAYS_SEARCH_USER_PATHS = NO;
				ASSETCATALOG_COMPILER_GENERATE_SWIFT_ASSET_SYMBOL_EXTENSIONS = YES;
				CLANG_ANALYZER_NONNULL = YES;
				CLANG_ANALYZER_NUMBER_OBJECT_CONVERSION = YES_AGGRESSIVE;
				CLANG_CXX_LANGUAGE_STANDARD = "gnu++20";
				CLANG_ENABLE_MODULES = YES;
				CLANG_ENABLE_OBJC_ARC = YES;
				CLANG_ENABLE_OBJC_WEAK = YES;
				CLANG_WARN_BLOCK_CAPTURE_AUTORELEASING = YES;
				CLANG_WARN_BOOL_CONVERSION = YES;
				CLANG_WARN_COMMA = YES;
				CLANG_WARN_CONSTANT_CONVERSION = YES;
				CLANG_WARN_DEPRECATED_OBJC_IMPLEMENTATIONS = YES;
				CLANG_WARN_DIRECT_OBJC_ISA_USAGE = YES_ERROR;
				CLANG_WARN_DOCUMENTATION_COMMENTS = YES;
				CLANG_WARN_EMPTY_BODY = YES;
				CLANG_WARN_ENUM_CONVERSION = YES;
				CLANG_WARN_INFINITE_RECURSION = YES;
				CLANG_WARN_INT_CONVERSION = YES;
				CLANG_WARN_NON_LITERAL_NULL_CONVERSION = YES;
				CLANG_WARN_OBJC_IMPLICIT_RETAIN_SELF = YES;
				CLANG_WARN_OBJC_LITERAL_CONVERSION = YES;
				CLANG_WARN_OBJC_ROOT_CLASS = YES_ERROR;
				CLANG_WARN_QUOTED_INCLUDE_IN_FRAMEWORK_HEADER = YES;
				CLANG_WARN_RANGE_LOOP_ANALYSIS = YES;
				CLANG_WARN_STRICT_PROTOTYPES = YES;
				CLANG_WARN_SUSPICIOUS_MOVE = YES;
				CLANG_WARN_UNGUARDED_AVAILABILITY = YES_AGGRESSIVE;
				CLANG_WARN_UNREACHABLE_CODE = YES;
				CLANG_WARN__DUPLICATE_METHOD_MATCH = YES;
				COPY_PHASE_STRIP = NO;
				DEBUG_INFORMATION_FORMAT = "dwarf-with-dsym";
				ENABLE_NS_ASSERTIONS = NO;
				ENABLE_STRICT_OBJC_MSGSEND = YES;
				ENABLE_USER_SCRIPT_SANDBOXING = YES;
				GCC_C_LANGUAGE_STANDARD = gnu17;
				GCC_NO_COMMON_BLOCKS = YES;
				GCC_WARN_64_TO_32_BIT_CONVERSION = YES;
				GCC_WARN_ABOUT_RETURN_TYPE = YES_ERROR;
				GCC_WARN_UNDECLARED_SELECTOR = YES;
				GCC_WARN_UNINITIALIZED_AUTOS = YES_AGGRESSIVE;
				GCC_WARN_UNUSED_FUNCTION = YES;
				GCC_WARN_UNUSED_VARIABLE = YES;
				IPHONEOS_DEPLOYMENT_TARGET = 17.5;
				LOCALIZATION_PREFERS_STRING_CATALOGS = YES;
				MTL_ENABLE_DEBUG_INFO = NO;
				MTL_FAST_MATH = YES;
				SDKROOT = iphoneos;
				SWIFT_COMPILATION_MODE = wholemodule;
				VALIDATE_PRODUCT = YES;
			};
			name = Release;
		};
		665425B92CB023B100EA4585 /* Debug */ = {
			isa = XCBuildConfiguration;
			buildSettings = {
				ASSETCATALOG_COMPILER_APPICON_NAME = AppIcon;
				ASSETCATALOG_COMPILER_GLOBAL_ACCENT_COLOR_NAME = AccentColor;
				CODE_SIGN_STYLE = Automatic;
				CURRENT_PROJECT_VERSION = 1;
				GENERATE_INFOPLIST_FILE = YES;
				INFOPLIST_FILE = USPopulationInf/Info.plist;
				INFOPLIST_KEY_UIApplicationSupportsIndirectInputEvents = YES;
				INFOPLIST_KEY_UILaunchStoryboardName = LaunchScreen;
				INFOPLIST_KEY_UIMainStoryboardFile = "";
				INFOPLIST_KEY_UISupportedInterfaceOrientations_iPad = "UIInterfaceOrientationPortrait UIInterfaceOrientationPortraitUpsideDown UIInterfaceOrientationLandscapeLeft UIInterfaceOrientationLandscapeRight";
				INFOPLIST_KEY_UISupportedInterfaceOrientations_iPhone = "UIInterfaceOrientationPortrait UIInterfaceOrientationLandscapeLeft UIInterfaceOrientationLandscapeRight";
				LD_RUNPATH_SEARCH_PATHS = (
					"$(inherited)",
					"@executable_path/Frameworks",
				);
				MARKETING_VERSION = 1.0;
				PRODUCT_BUNDLE_IDENTIFIER = com.frolow.USPopulationInf;
				PRODUCT_NAME = "$(TARGET_NAME)";
				SUPPORTED_PLATFORMS = "iphoneos iphonesimulator";
				SUPPORTS_MACCATALYST = NO;
				SUPPORTS_MAC_DESIGNED_FOR_IPHONE_IPAD = NO;
				SUPPORTS_XR_DESIGNED_FOR_IPHONE_IPAD = NO;
				SWIFT_EMIT_LOC_STRINGS = YES;
				SWIFT_VERSION = 5.0;
				TARGETED_DEVICE_FAMILY = "1,2";
			};
			name = Debug;
		};
		665425BA2CB023B100EA4585 /* Release */ = {
			isa = XCBuildConfiguration;
			buildSettings = {
				ASSETCATALOG_COMPILER_APPICON_NAME = AppIcon;
				ASSETCATALOG_COMPILER_GLOBAL_ACCENT_COLOR_NAME = AccentColor;
				CODE_SIGN_STYLE = Automatic;
				CURRENT_PROJECT_VERSION = 1;
				GENERATE_INFOPLIST_FILE = YES;
				INFOPLIST_FILE = USPopulationInf/Info.plist;
				INFOPLIST_KEY_UIApplicationSupportsIndirectInputEvents = YES;
				INFOPLIST_KEY_UILaunchStoryboardName = LaunchScreen;
				INFOPLIST_KEY_UIMainStoryboardFile = "";
				INFOPLIST_KEY_UISupportedInterfaceOrientations_iPad = "UIInterfaceOrientationPortrait UIInterfaceOrientationPortraitUpsideDown UIInterfaceOrientationLandscapeLeft UIInterfaceOrientationLandscapeRight";
				INFOPLIST_KEY_UISupportedInterfaceOrientations_iPhone = "UIInterfaceOrientationPortrait UIInterfaceOrientationLandscapeLeft UIInterfaceOrientationLandscapeRight";
				LD_RUNPATH_SEARCH_PATHS = (
					"$(inherited)",
					"@executable_path/Frameworks",
				);
				MARKETING_VERSION = 1.0;
				PRODUCT_BUNDLE_IDENTIFIER = com.frolow.USPopulationInf;
				PRODUCT_NAME = "$(TARGET_NAME)";
				SUPPORTED_PLATFORMS = "iphoneos iphonesimulator";
				SUPPORTS_MACCATALYST = NO;
				SUPPORTS_MAC_DESIGNED_FOR_IPHONE_IPAD = NO;
				SUPPORTS_XR_DESIGNED_FOR_IPHONE_IPAD = NO;
				SWIFT_EMIT_LOC_STRINGS = YES;
				SWIFT_VERSION = 5.0;
				TARGETED_DEVICE_FAMILY = "1,2";
			};
			name = Release;
		};
		665425BC2CB023B100EA4585 /* Debug */ = {
			isa = XCBuildConfiguration;
			buildSettings = {
				ALWAYS_EMBED_SWIFT_STANDARD_LIBRARIES = YES;
				BUNDLE_LOADER = "$(TEST_HOST)";
				CODE_SIGN_STYLE = Automatic;
				CURRENT_PROJECT_VERSION = 1;
				GENERATE_INFOPLIST_FILE = YES;
				IPHONEOS_DEPLOYMENT_TARGET = 17.5;
				MARKETING_VERSION = 1.0;
				PRODUCT_BUNDLE_IDENTIFIER = com.frolow.USPopulationInfTests;
				PRODUCT_NAME = "$(TARGET_NAME)";
				SWIFT_EMIT_LOC_STRINGS = NO;
				SWIFT_VERSION = 5.0;
				TARGETED_DEVICE_FAMILY = "1,2";
				TEST_HOST = "$(BUILT_PRODUCTS_DIR)/USPopulationInf.app/$(BUNDLE_EXECUTABLE_FOLDER_PATH)/USPopulationInf";
			};
			name = Debug;
		};
		665425BD2CB023B100EA4585 /* Release */ = {
			isa = XCBuildConfiguration;
			buildSettings = {
				ALWAYS_EMBED_SWIFT_STANDARD_LIBRARIES = YES;
				BUNDLE_LOADER = "$(TEST_HOST)";
				CODE_SIGN_STYLE = Automatic;
				CURRENT_PROJECT_VERSION = 1;
				GENERATE_INFOPLIST_FILE = YES;
				IPHONEOS_DEPLOYMENT_TARGET = 17.5;
				MARKETING_VERSION = 1.0;
				PRODUCT_BUNDLE_IDENTIFIER = com.frolow.USPopulationInfTests;
				PRODUCT_NAME = "$(TARGET_NAME)";
				SWIFT_EMIT_LOC_STRINGS = NO;
				SWIFT_VERSION = 5.0;
				TARGETED_DEVICE_FAMILY = "1,2";
				TEST_HOST = "$(BUILT_PRODUCTS_DIR)/USPopulationInf.app/$(BUNDLE_EXECUTABLE_FOLDER_PATH)/USPopulationInf";
			};
			name = Release;
		};
		665425BF2CB023B100EA4585 /* Debug */ = {
			isa = XCBuildConfiguration;
			buildSettings = {
				ALWAYS_EMBED_SWIFT_STANDARD_LIBRARIES = YES;
				CODE_SIGN_STYLE = Automatic;
				CURRENT_PROJECT_VERSION = 1;
				GENERATE_INFOPLIST_FILE = YES;
				MARKETING_VERSION = 1.0;
				PRODUCT_BUNDLE_IDENTIFIER = com.frolow.USPopulationInfUITests;
				PRODUCT_NAME = "$(TARGET_NAME)";
				SWIFT_EMIT_LOC_STRINGS = NO;
				SWIFT_VERSION = 5.0;
				TARGETED_DEVICE_FAMILY = "1,2";
				TEST_TARGET_NAME = USPopulationInf;
			};
			name = Debug;
		};
		665425C02CB023B100EA4585 /* Release */ = {
			isa = XCBuildConfiguration;
			buildSettings = {
				ALWAYS_EMBED_SWIFT_STANDARD_LIBRARIES = YES;
				CODE_SIGN_STYLE = Automatic;
				CURRENT_PROJECT_VERSION = 1;
				GENERATE_INFOPLIST_FILE = YES;
				MARKETING_VERSION = 1.0;
				PRODUCT_BUNDLE_IDENTIFIER = com.frolow.USPopulationInfUITests;
				PRODUCT_NAME = "$(TARGET_NAME)";
				SWIFT_EMIT_LOC_STRINGS = NO;
				SWIFT_VERSION = 5.0;
				TARGETED_DEVICE_FAMILY = "1,2";
				TEST_TARGET_NAME = USPopulationInf;
			};
			name = Release;
		};
/* End XCBuildConfiguration section */

/* Begin XCConfigurationList section */
		665425892CB023AF00EA4585 /* Build configuration list for PBXProject "USPopulationInf" */ = {
			isa = XCConfigurationList;
			buildConfigurations = (
				665425B62CB023B100EA4585 /* Debug */,
				665425B72CB023B100EA4585 /* Release */,
			);
			defaultConfigurationIsVisible = 0;
			defaultConfigurationName = Release;
		};
		665425B82CB023B100EA4585 /* Build configuration list for PBXNativeTarget "USPopulationInf" */ = {
			isa = XCConfigurationList;
			buildConfigurations = (
				665425B92CB023B100EA4585 /* Debug */,
				665425BA2CB023B100EA4585 /* Release */,
			);
			defaultConfigurationIsVisible = 0;
			defaultConfigurationName = Release;
		};
		665425BB2CB023B100EA4585 /* Build configuration list for PBXNativeTarget "USPopulationInfTests" */ = {
			isa = XCConfigurationList;
			buildConfigurations = (
				665425BC2CB023B100EA4585 /* Debug */,
				665425BD2CB023B100EA4585 /* Release */,
			);
			defaultConfigurationIsVisible = 0;
			defaultConfigurationName = Release;
		};
		665425BE2CB023B100EA4585 /* Build configuration list for PBXNativeTarget "USPopulationInfUITests" */ = {
			isa = XCConfigurationList;
			buildConfigurations = (
				665425BF2CB023B100EA4585 /* Debug */,
				665425C02CB023B100EA4585 /* Release */,
			);
			defaultConfigurationIsVisible = 0;
			defaultConfigurationName = Release;
		};
/* End XCConfigurationList section */
	};
	rootObject = 665425862CB023AF00EA4585 /* Project object */;
}
